{
	"name": "zaku-core",
	"version": "0.0.10",
	"lockfileVersion": 1,
	"requires": true,
	"dependencies": {
		"@babel/runtime": {
			"version": "7.7.2",
			"resolved": "https://registry.npmjs.org/@babel/runtime/-/runtime-7.7.2.tgz",
			"integrity": "sha512-JONRbXbTXc9WQE2mAZd1p0Z3DZ/6vaQIkgYMSTP3KjRCyd7rCZCcfhCyX+YjwcKxcZ82UrxbRD358bpExNgrjw==",
			"requires": {
				"regenerator-runtime": "^0.13.2"
			},
			"dependencies": {
				"regenerator-runtime": {
					"version": "0.13.3",
					"resolved": "https://registry.npmjs.org/regenerator-runtime/-/regenerator-runtime-0.13.3.tgz",
					"integrity": "sha512-naKIZz2GQ8JWh///G7L3X6LaQUAMp2lvb1rvwwsURe/VXwD6VMfr+/1NuNw3ag8v2kY1aQ/go5SNn79O9JU7yw=="
				}
			}
		},
		"@types/hoist-non-react-statics": {
			"version": "3.3.1",
			"resolved": "https://registry.npmjs.org/@types/hoist-non-react-statics/-/hoist-non-react-statics-3.3.1.tgz",
			"integrity": "sha512-iMIqiko6ooLrTh1joXodJK5X9xeEALT1kM5G3ZLhD3hszxBdIEd5C75U834D9mLcINgD4OyZf5uQXjkuYydWvA==",
			"requires": {
				"@types/react": "*",
				"hoist-non-react-statics": "^3.3.0"
			}
		},
		"@types/prop-types": {
			"version": "15.7.3",
			"resolved": "https://registry.npmjs.org/@types/prop-types/-/prop-types-15.7.3.tgz",
			"integrity": "sha512-KfRL3PuHmqQLOG+2tGpRO26Ctg+Cq1E01D2DMriKEATHgWLfeNDmq9e29Q9WIky0dQ3NPkd1mzYH8Lm936Z9qw=="
		},
		"@types/ramda": {
			"version": "0.26.33",
			"resolved": "https://registry.npmjs.org/@types/ramda/-/ramda-0.26.33.tgz",
			"integrity": "sha512-sUCQmKfAWmlbb6PpFqvndbGgTf0bCcmHLJqMYw8ErVS0UoZTTiz952aFedJhV+JERiVH7poh33358c7p0AAN8A==",
			"requires": {
				"ts-toolbelt": "^4.7.7"
			}
		},
		"@types/react": {
			"version": "16.9.11",
			"resolved": "https://registry.npmjs.org/@types/react/-/react-16.9.11.tgz",
			"integrity": "sha512-UBT4GZ3PokTXSWmdgC/GeCGEJXE5ofWyibCcecRLUVN2ZBpXQGVgQGtG2foS7CrTKFKlQVVswLvf7Js6XA/CVQ==",
			"requires": {
				"@types/prop-types": "*",
				"csstype": "^2.2.0"
			}
		},
		"@types/react-redux": {
			"version": "7.1.5",
			"resolved": "https://registry.npmjs.org/@types/react-redux/-/react-redux-7.1.5.tgz",
			"integrity": "sha512-ZoNGQMDxh5ENY7PzU7MVonxDzS1l/EWiy8nUhDqxFqUZn4ovboCyvk4Djf68x6COb7vhGTKjyjxHxtFdAA5sUA==",
			"requires": {
				"@types/hoist-non-react-statics": "^3.3.0",
				"@types/react": "*",
				"hoist-non-react-statics": "^3.3.0",
				"redux": "^4.0.0"
			}
		},
		"csstype": {
			"version": "2.6.7",
			"resolved": "https://registry.npmjs.org/csstype/-/csstype-2.6.7.tgz",
			"integrity": "sha512-9Mcn9sFbGBAdmimWb2gLVDtFJzeKtDGIr76TUqmjZrw9LFXBMSU70lcs+C0/7fyCd6iBDqmksUcCOUIkisPHsQ=="
		},
		"hoist-non-react-statics": {
			"version": "3.3.0",
			"resolved": "https://registry.npmjs.org/hoist-non-react-statics/-/hoist-non-react-statics-3.3.0.tgz",
			"integrity": "sha512-0XsbTXxgiaCDYDIWFcwkmerZPSwywfUqYmwT4jzewKTQSWoE6FCMoUVOeBJWK3E/CrWbxRG3m5GzY4lnIwGRBA==",
			"requires": {
				"react-is": "^16.7.0"
			}
		},
		"invariant": {
			"version": "2.2.4",
			"resolved": "https://registry.npmjs.org/invariant/-/invariant-2.2.4.tgz",
			"integrity": "sha512-phJfQVBuaJM5raOpJjSfkiD6BpbCE4Ns//LaXl6wGYtUBY83nWS6Rf9tXm2e8VaK60JEjYldbPif/A2B1C2gNA==",
			"requires": {
				"loose-envify": "^1.0.0"
			}
		},
		"js-tokens": {
			"version": "4.0.0",
			"resolved": "https://registry.npmjs.org/js-tokens/-/js-tokens-4.0.0.tgz",
			"integrity": "sha512-RdJUflcE3cUzKiMqQgsCu06FPu9UdIJO0beYbPhHN4k6apgJtifcoCtT9bcxOpYBtpD2kCM6Sbzg4CausW/PKQ=="
		},
		"loose-envify": {
			"version": "1.4.0",
			"resolved": "https://registry.npmjs.org/loose-envify/-/loose-envify-1.4.0.tgz",
			"integrity": "sha512-lyuxPGr/Wfhrlem2CL/UcnUc1zcqKAImBDzukY7Y5F/yQiNdko6+fRLevlw1HgMySw7f611UIY408EtxRSoK3Q==",
			"requires": {
				"js-tokens": "^3.0.0 || ^4.0.0"
			}
		},
		"object-assign": {
			"version": "4.1.1",
			"resolved": "https://registry.npmjs.org/object-assign/-/object-assign-4.1.1.tgz",
			"integrity": "sha1-IQmtx5ZYh8/AXLvUQsrIv7s2CGM="
		},
		"prop-types": {
			"version": "15.7.2",
			"resolved": "https://registry.npmjs.org/prop-types/-/prop-types-15.7.2.tgz",
			"integrity": "sha512-8QQikdH7//R2vurIJSutZ1smHYTcLpRWEOlHnzcWHmBYrOGUysKwSsrC89BCiFj3CbrfJ/nXFdJepOVrY1GCHQ==",
			"requires": {
				"loose-envify": "^1.4.0",
				"object-assign": "^4.1.1",
				"react-is": "^16.8.1"
			}
		},
		"ramda": {
			"version": "0.26.1",
			"resolved": "https://registry.npmjs.org/ramda/-/ramda-0.26.1.tgz",
			"integrity": "sha512-hLWjpy7EnsDBb0p+Z3B7rPi3GDeRG5ZtiI33kJhTt+ORCd38AbAIjB/9zRIUoeTbE/AVX5ZkU7m6bznsvrf8eQ=="
		},
		"react": {
			"version": "16.11.0",
			"resolved": "https://registry.npmjs.org/react/-/react-16.11.0.tgz",
			"integrity": "sha512-M5Y8yITaLmU0ynd0r1Yvfq98Rmll6q8AxaEe88c8e7LxO8fZ2cNgmFt0aGAS9wzf1Ao32NKXtCl+/tVVtkxq6g==",
			"requires": {
				"loose-envify": "^1.1.0",
				"object-assign": "^4.1.1",
				"prop-types": "^15.6.2"
			}
		},
		"react-is": {
			"version": "16.11.0",
			"resolved": "https://registry.npmjs.org/react-is/-/react-is-16.11.0.tgz",
			"integrity": "sha512-gbBVYR2p8mnriqAwWx9LbuUrShnAuSCNnuPGyc7GJrMVQtPDAh8iLpv7FRuMPFb56KkaVZIYSz1PrjI9q0QPCw=="
		},
		"react-redux": {
			"version": "7.1.1",
			"resolved": "https://registry.npmjs.org/react-redux/-/react-redux-7.1.1.tgz",
			"integrity": "sha512-QsW0vcmVVdNQzEkrgzh2W3Ksvr8cqpAv5FhEk7tNEft+5pp7rXxAudTz3VOPawRkLIepItpkEIyLcN/VVXzjTg==",
			"requires": {
				"@babel/runtime": "^7.5.5",
				"hoist-non-react-statics": "^3.3.0",
				"invariant": "^2.2.4",
				"loose-envify": "^1.4.0",
				"prop-types": "^15.7.2",
				"react-is": "^16.9.0"
			}
		},
		"redux": {
			"version": "4.0.4",
			"resolved": "https://registry.npmjs.org/redux/-/redux-4.0.4.tgz",
			"integrity": "sha512-vKv4WdiJxOWKxK0yRoaK3Y4pxxB0ilzVx6dszU2W8wLxlb2yikRph4iV/ymtdJ6ZxpBLFbyrxklnT5yBbQSl3Q==",
			"requires": {
				"loose-envify": "^1.4.0",
				"symbol-observable": "^1.2.0"
			}
		},
		"rxjs": {
			"version": "6.5.3",
			"resolved": "https://registry.npmjs.org/rxjs/-/rxjs-6.5.3.tgz",
			"integrity": "sha512-wuYsAYYFdWTAnAaPoKGNhfpWwKZbJW+HgAJ+mImp+Epl7BG8oNWBCTyRM8gba9k4lk8BgWdoYm21Mo/RYhhbgA==",
			"requires": {
				"tslib": "^1.9.0"
			}
		},
		"symbol-observable": {
			"version": "1.2.0",
			"resolved": "https://registry.npmjs.org/symbol-observable/-/symbol-observable-1.2.0.tgz",
			"integrity": "sha512-e900nM8RRtGhlV36KGEU9k65K3mPb1WV70OdjfxlG2EAuM1noi/E/BaW/uMhL7bPEssK8QV57vN3esixjUvcXQ=="
		},
		"ts-toolbelt": {
			"version": "4.10.0",
			"resolved": "https://registry.npmjs.org/ts-toolbelt/-/ts-toolbelt-4.10.0.tgz",
			"integrity": "sha512-dxj1fcbjCCjxCMOd+RSn5UrIuPkj7mItNFurYBAL/jJZzWU/bfCXYtdfYTdGZdPPKljA94IKNFypQ0FaHwHCWw=="
		},
		"tslib": {
			"version": "1.10.0",
			"resolved": "https://registry.npmjs.org/tslib/-/tslib-1.10.0.tgz",
			"integrity": "sha512-qOebF53frne81cf0S9B41ByenJ3/IuH8yJKngAX35CmiZySA0khhkovshKK+jGCaMnVomla7gVlIcc3EvKPbTQ=="
		}
	}
}
